// !$*UTF8*$!
{
	archiveVersion = 1;
	classes = {
	};
	objectVersion = 50;
	objects = {

/* Begin PBXBuildFile section */
		FA49424F218EEE640078A673 /* AppDelegate.swift in Sources */ = {isa = PBXBuildFile; fileRef = FA49424E218EEE640078A673 /* AppDelegate.swift */; };
		FA494251218EEE640078A673 /* ViewController.swift in Sources */ = {isa = PBXBuildFile; fileRef = FA494250218EEE640078A673 /* ViewController.swift */; };
		FA494254218EEE640078A673 /* Main.storyboard in Resources */ = {isa = PBXBuildFile; fileRef = FA494252218EEE640078A673 /* Main.storyboard */; };
		FA494256218EEE650078A673 /* Assets.xcassets in Resources */ = {isa = PBXBuildFile; fileRef = FA494255218EEE650078A673 /* Assets.xcassets */; };
		FA494259218EEE650078A673 /* LaunchScreen.storyboard in Resources */ = {isa = PBXBuildFile; fileRef = FA494257218EEE650078A673 /* LaunchScreen.storyboard */; };
		FA494261218EF0870078A673 /* tail.png in Resources */ = {isa = PBXBuildFile; fileRef = FA494260218EF0870078A673 /* tail.png */; };
		FA494263218EF0940078A673 /* bar.png in Resources */ = {isa = PBXBuildFile; fileRef = FA494262218EF0940078A673 /* bar.png */; };
		FA494265218EF2FC0078A673 /* GameViewController.swift in Sources */ = {isa = PBXBuildFile; fileRef = FA494264218EF2FC0078A673 /* GameViewController.swift */; };
		FA494267218EF3270078A673 /* RankingViewController.swift in Sources */ = {isa = PBXBuildFile; fileRef = FA494266218EF3270078A673 /* RankingViewController.swift */; };
		FA84CA6321D46F71002C6634 /* distantfuture.MP3 in Resources */ = {isa = PBXBuildFile; fileRef = FA84CA6221D46F71002C6634 /* distantfuture.MP3 */; };
/* End PBXBuildFile section */

/* Begin PBXFileReference section */
		FA49424B218EEE640078A673 /* barabara2.app */ = {isa = PBXFileReference; explicitFileType = wrapper.application; includeInIndex = 0; path = barabara2.app; sourceTree = BUILT_PRODUCTS_DIR; };
		FA49424E218EEE640078A673 /* AppDelegate.swift */ = {isa = PBXFileReference; lastKnownFileType = sourcecode.swift; path = AppDelegate.swift; sourceTree = "<group>"; };
		FA494250218EEE640078A673 /* ViewController.swift */ = {isa = PBXFileReference; lastKnownFileType = sourcecode.swift; path = ViewController.swift; sourceTree = "<group>"; };
		FA494253218EEE640078A673 /* Base */ = {isa = PBXFileReference; lastKnownFileType = file.storyboard; name = Base; path = Base.lproj/Main.storyboard; sourceTree = "<group>"; };
		FA494255218EEE650078A673 /* Assets.xcassets */ = {isa = PBXFileReference; lastKnownFileType = folder.assetcatalog; path = Assets.xcassets; sourceTree = "<group>"; };
		FA494258218EEE650078A673 /* Base */ = {isa = PBXFileReference; lastKnownFileType = file.storyboard; name = Base; path = Base.lproj/LaunchScreen.storyboard; sourceTree = "<group>"; };
		FA49425A218EEE650078A673 /* Info.plist */ = {isa = PBXFileReference; lastKnownFileType = text.plist.xml; path = Info.plist; sourceTree = "<group>"; };
		FA494260218EF0870078A673 /* tail.png */ = {isa = PBXFileReference; lastKnownFileType = image.png; path = tail.png; sourceTree = "<group>"; };
		FA494262218EF0940078A673 /* bar.png */ = {isa = PBXFileReference; lastKnownFileType = image.png; path = bar.png; sourceTree = "<group>"; };
		FA494264218EF2FC0078A673 /* GameViewController.swift */ = {isa = PBXFileReference; lastKnownFileType = sourcecode.swift; name = GameViewController.swift; path = ../GameViewController.swift; sourceTree = "<group>"; };
		FA494266218EF3270078A673 /* RankingViewController.swift */ = {isa = PBXFileReference; lastKnownFileType = sourcecode.swift; name = RankingViewController.swift; path = barabara2/RankingViewController.swift; sourceTree = "<group>"; };
		FA84CA6221D46F71002C6634 /* distantfuture.MP3 */ = {isa = PBXFileReference; lastKnownFileType = audio.mp3; path = distantfuture.MP3; sourceTree = "<group>"; };
/* End PBXFileReference section */

/* Begin PBXFrameworksBuildPhase section */
		FA494248218EEE640078A673 /* Frameworks */ = {
			isa = PBXFrameworksBuildPhase;
			buildActionMask = 2147483647;
			files = (
			);
			runOnlyForDeploymentPostprocessing = 0;
		};
/* End PBXFrameworksBuildPhase section */

/* Begin PBXGroup section */
		FA494242218EEE640078A673 = {
			isa = PBXGroup;
			children = (
				FA84CA6221D46F71002C6634 /* distantfuture.MP3 */,
				FA494266218EF3270078A673 /* RankingViewController.swift */,
				FA494264218EF2FC0078A673 /* GameViewController.swift */,
				FA494262218EF0940078A673 /* bar.png */,
				FA494260218EF0870078A673 /* tail.png */,
				FA49424D218EEE640078A673 /* barabara2 */,
				FA49424C218EEE640078A673 /* Products */,
			);
			sourceTree = "<group>";
		};
		FA49424C218EEE640078A673 /* Products */ = {
			isa = PBXGroup;
			children = (
				FA49424B218EEE640078A673 /* barabara2.app */,
			);
			name = Products;
			sourceTree = "<group>";
		};
		FA49424D218EEE640078A673 /* barabara2 */ = {
			isa = PBXGroup;
			children = (
				FA49424E218EEE640078A673 /* AppDelegate.swift */,
				FA494250218EEE640078A673 /* ViewController.swift */,
				FA494252218EEE640078A673 /* Main.storyboard */,
				FA494255218EEE650078A673 /* Assets.xcassets */,
				FA494257218EEE650078A673 /* LaunchScreen.storyboard */,
				FA49425A218EEE650078A673 /* Info.plist */,
			);
			path = barabara2;
			sourceTree = "<group>";
		};
/* End PBXGroup section */

/* Begin PBXNativeTarget section */
		FA49424A218EEE640078A673 /* barabara2 */ = {
			isa = PBXNativeTarget;
			buildConfigurationList = FA49425D218EEE650078A673 /* Build configuration list for PBXNativeTarget "barabara2" */;
			buildPhases = (
				FA494247218EEE640078A673 /* Sources */,
				FA494248218EEE640078A673 /* Frameworks */,
				FA494249218EEE640078A673 /* Resources */,
			);
			buildRules = (
			);
			dependencies = (
			);
			name = barabara2;
			productName = barabara2;
			productReference = FA49424B218EEE640078A673 /* barabara2.app */;
			productType = "com.apple.product-type.application";
		};
/* End PBXNativeTarget section */

/* Begin PBXProject section */
		FA494243218EEE640078A673 /* Project object */ = {
			isa = PBXProject;
			attributes = {
				LastSwiftUpdateCheck = 0940;
				LastUpgradeCheck = 0940;
				ORGANIZATIONNAME = "柳川万結";
				TargetAttributes = {
					FA49424A218EEE640078A673 = {
						CreatedOnToolsVersion = 9.4.1;
					};
				};
			};
			buildConfigurationList = FA494246218EEE640078A673 /* Build configuration list for PBXProject "barabara2" */;
			compatibilityVersion = "Xcode 9.3";
			developmentRegion = en;
			hasScannedForEncodings = 0;
			knownRegions = (
				en,
				Base,
			);
			mainGroup = FA494242218EEE640078A673;
			productRefGroup = FA49424C218EEE640078A673 /* Products */;
			projectDirPath = "";
			projectRoot = "";
			targets = (
				FA49424A218EEE640078A673 /* barabara2 */,
			);
		};
/* End PBXProject section */

/* Begin PBXResourcesBuildPhase section */
		FA494249218EEE640078A673 /* Resources */ = {
			isa = PBXResourcesBuildPhase;
			buildActionMask = 2147483647;
			files = (
				FA494259218EEE650078A673 /* LaunchScreen.storyboard in Resources */,
				FA494263218EF0940078A673 /* bar.png in Resources */,
				FA494261218EF0870078A673 /* tail.png in Resources */,
				FA84CA6321D46F71002C6634 /* distantfuture.MP3 in Resources */,
				FA494256218EEE650078A673 /* Assets.xcassets in Resources */,
				FA494254218EEE640078A673 /* Main.storyboard in Resources */,
			);
			runOnlyForDeploymentPostprocessing = 0;
		};
/* End PBXResourcesBuildPhase section */

/* Begin PBXSourcesBuildPhase section */
		FA494247218EEE640078A673 /* Sources */ = {
			isa = PBXSourcesBuildPhase;
			buildActionMask = 2147483647;
			files = (
				FA494251218EEE640078A673 /* ViewController.swift in Sources */,
				FA494265218EF2FC0078A673 /* GameViewController.swift in Sources */,
				FA49424F218EEE640078A673 /* AppDelegate.swift in Sources */,
				FA494267218EF3270078A673 /* RankingViewController.swift in Sources */,
			);
			runOnlyForDeploymentPostprocessing = 0;
		};
/* End PBXSourcesBuildPhase section */

/* Begin PBXVariantGroup section */
		FA494252218EEE640078A673 /* Main.storyboard */ = {
			isa = PBXVariantGroup;
			children = (
				FA494253218EEE640078A673 /* Base */,
			);
			name = Main.storyboard;
			sourceTree = "<group>";
		};
		FA494257218EEE650078A673 /* LaunchScreen.storyboard */ = {
			isa = PBXVariantGroup;
			children = (
				FA494258218EEE650078A673 /* Base */,
			);
			name = LaunchScreen.storyboard;
			sourceTree = "<group>";
		};
/* End PBXVariantGroup section */

/* Begin XCBuildConfiguration section */
		FA49425B218EEE650078A673 /* Debug */ = {
			isa = XCBuildConfiguration;
			buildSettings = {
				ALWAYS_SEARCH_USER_PATHS = NO;
				CLANG_ANALYZER_NONNULL = YES;
				CLANG_ANALYZER_NUMBER_OBJECT_CONVERSION = YES_AGGRESSIVE;
				CLANG_CXX_LANGUAGE_STANDARD = "gnu++14";
				CLANG_CXX_LIBRARY = "libc++";
				CLANG_ENABLE_MODULES = YES;
				CLANG_ENABLE_OBJC_ARC = YES;
				CLANG_ENABLE_OBJC_WEAK = YES;
				CLANG_WARN_BLOCK_CAPTURE_AUTORELEASING = YES;
				CLANG_WARN_BOOL_CONVERSION = YES;
				CLANG_WARN_COMMA = YES;
				CLANG_WARN_CONSTANT_CONVERSION = YES;
				CLANG_WARN_DEPRECATED_OBJC_IMPLEMENTATIONS = YES;
				CLANG_WARN_DIRECT_OBJC_ISA_USAGE = YES_ERROR;
				CLANG_WARN_DOCUMENTATION_COMMENTS = YES;
				CLANG_WARN_EMPTY_BODY = YES;
				CLANG_WARN_ENUM_CONVERSION = YES;
				CLANG_WARN_INFINITE_RECURSION = YES;
				CLANG_WARN_INT_CONVERSION = YES;
				CLANG_WARN_NON_LITERAL_NULL_CONVERSION = YES;
				CLANG_WARN_OBJC_IMPLICIT_RETAIN_SELF = YES;
				CLANG_WARN_OBJC_LITERAL_CONVERSION = YES;
				CLANG_WARN_OBJC_ROOT_CLASS = YES_ERROR;
				CLANG_WARN_RANGE_LOOP_ANALYSIS = YES;
				CLANG_WARN_STRICT_PROTOTYPES = YES;
				CLANG_WARN_SUSPICIOUS_MOVE = YES;
				CLANG_WARN_UNGUARDED_AVAILABILITY = YES_AGGRESSIVE;
				CLANG_WARN_UNREACHABLE_CODE = YES;
				CLANG_WARN__DUPLICATE_METHOD_MATCH = YES;
				CODE_SIGN_IDENTITY = "iPhone Developer";
				COPY_PHASE_STRIP = NO;
				DEBUG_INFORMATION_FORMAT = dwarf;
				ENABLE_STRICT_OBJC_MSGSEND = YES;
				ENABLE_TESTABILITY = YES;
				GCC_C_LANGUAGE_STANDARD = gnu11;
				GCC_DYNAMIC_NO_PIC = NO;
				GCC_NO_COMMON_BLOCKS = YES;
				GCC_OPTIMIZATION_LEVEL = 0;
				GCC_PREPROCESSOR_DEFINITIONS = (
					"DEBUG=1",
					"$(inherited)",
				);
				GCC_WARN_64_TO_32_BIT_CONVERSION = YES;
				GCC_WARN_ABOUT_RETURN_TYPE = YES_ERROR;
				GCC_WARN_UNDECLARED_SELECTOR = YES;
				GCC_WARN_UNINITIALIZED_AUTOS = YES_AGGRESSIVE;
				GCC_WARN_UNUSED_FUNCTION = YES;
				GCC_WARN_UNUSED_VARIABLE = YES;
				IPHONEOS_DEPLOYMENT_TARGET = 11.4;
				MTL_ENABLE_DEBUG_INFO = YES;
				ONLY_ACTIVE_ARCH = YES;
				SDKROOT = iphoneos;
				SWIFT_ACTIVE_COMPILATION_CONDITIONS = DEBUG;
				SWIFT_OPTIMIZATION_LEVEL = "-Onone";
			};
			name = Debug;
		};
		FA49425C218EEE650078A673 /* Release */ = {
			isa = XCBuildConfiguration;
			buildSettings = {
				ALWAYS_SEARCH_USER_PATHS = NO;
				CLANG_ANALYZER_NONNULL = YES;
				CLANG_ANALYZER_NUMBER_OBJECT_CONVERSION = YES_AGGRESSIVE;
				CLANG_CXX_LANGUAGE_STANDARD = "gnu++14";
				CLANG_CXX_LIBRARY = "libc++";
				CLANG_ENABLE_MODULES = YES;
				CLANG_ENABLE_OBJC_ARC = YES;
				CLANG_ENABLE_OBJC_WEAK = YES;
				CLANG_WARN_BLOCK_CAPTURE_AUTORELEASING = YES;
				CLANG_WARN_BOOL_CONVERSION = YES;
				CLANG_WARN_COMMA = YES;
				CLANG_WARN_CONSTANT_CONVERSION = YES;
				CLANG_WARN_DEPRECATED_OBJC_IMPLEMENTATIONS = YES;
				CLANG_WARN_DIRECT_OBJC_ISA_USAGE = YES_ERROR;
				CLANG_WARN_DOCUMENTATION_COMMENTS = YES;
				CLANG_WARN_EMPTY_BODY = YES;
				CLANG_WARN_ENUM_CONVERSION = YES;
				CLANG_WARN_INFINITE_RECURSION = YES;
				CLANG_WARN_INT_CONVERSION = YES;
				CLANG_WARN_NON_LITERAL_NULL_CONVERSION = YES;
				CLANG_WARN_OBJC_IMPLICIT_RETAIN_SELF = YES;
				CLANG_WARN_OBJC_LITERAL_CONVERSION = YES;
				CLANG_WARN_OBJC_ROOT_CLASS = YES_ERROR;
				CLANG_WARN_RANGE_LOOP_ANALYSIS = YES;
				CLANG_WARN_STRICT_PROTOTYPES = YES;
				CLANG_WARN_SUSPICIOUS_MOVE = YES;
				CLANG_WARN_UNGUARDED_AVAILABILITY = YES_AGGRESSIVE;
				CLANG_WARN_UNREACHABLE_CODE = YES;
				CLANG_WARN__DUPLICATE_METHOD_MATCH = YES;
				CODE_SIGN_IDENTITY = "iPhone Developer";
				COPY_PHASE_STRIP = NO;
				DEBUG_INFORMATION_FORMAT = "dwarf-with-dsym";
				ENABLE_NS_ASSERTIONS = NO;
				ENABLE_STRICT_OBJC_MSGSEND = YES;
				GCC_C_LANGUAGE_STANDARD = gnu11;
				GCC_NO_COMMON_BLOCKS = YES;
				GCC_WARN_64_TO_32_BIT_CONVERSION = YES;
				GCC_WARN_ABOUT_RETURN_TYPE = YES_ERROR;
				GCC_WARN_UNDECLARED_SELECTOR = YES;
				GCC_WARN_UNINITIALIZED_AUTOS = YES_AGGRESSIVE;
				GCC_WARN_UNUSED_FUNCTION = YES;
				GCC_WARN_UNUSED_VARIABLE = YES;
				IPHONEOS_DEPLOYMENT_TARGET = 11.4;
				MTL_ENABLE_DEBUG_INFO = NO;
				SDKROOT = iphoneos;
				SWIFT_COMPILATION_MODE = wholemodule;
				SWIFT_OPTIMIZATION_LEVEL = "-O";
				VALIDATE_PRODUCT = YES;
			};
			name = Release;
		};
		FA49425E218EEE650078A673 /* Debug */ = {
			isa = XCBuildConfiguration;
			buildSettings = {
				ASSETCATALOG_COMPILER_APPICON_NAME = AppIcon;
				CODE_SIGN_STYLE = Automatic;
				INFOPLIST_FILE = barabara2/Info.plist;
				LD_RUNPATH_SEARCH_PATHS = (
					"$(inherited)",
					"@executable_path/Frameworks",
				);
				PRODUCT_BUNDLE_IDENTIFIER = com.litech.barabara2;
				PRODUCT_NAME = "$(TARGET_NAME)";
				SWIFT_VERSION = 4.0;
				TARGETED_DEVICE_FAMILY = "1,2";
			};
			name = Debug;
		};
		FA49425F218EEE650078A673 /* Release */ = {
			isa = XCBuildConfiguration;
			buildSettings = {
				ASSETCATALOG_COMPILER_APPICON_NAME = AppIcon;
				CODE_SIGN_STYLE = Automatic;
				INFOPLIST_FILE = barabara2/Info.plist;
				LD_RUNPATH_SEARCH_PATHS = (
					"$(inherited)",
					"@executable_path/Frameworks",
				);
				PRODUCT_BUNDLE_IDENTIFIER = com.litech.barabara2;
				PRODUCT_NAME = "$(TARGET_NAME)";
				SWIFT_VERSION = 4.0;
				TARGETED_DEVICE_FAMILY = "1,2";
			};
			name = Release;
		};
/* End XCBuildConfiguration section */

/* Begin XCConfigurationList section */
		FA494246218EEE640078A673 /* Build configuration list for PBXProject "barabara2" */ = {
			isa = XCConfigurationList;
			buildConfigurations = (
				FA49425B218EEE650078A673 /* Debug */,
				FA49425C218EEE650078A673 /* Release */,
			);
			defaultConfigurationIsVisible = 0;
			defaultConfigurationName = Release;
		};
		FA49425D218EEE650078A673 /* Build configuration list for PBXNativeTarget "barabara2" */ = {
			isa = XCConfigurationList;
			buildConfigurations = (
				FA49425E218EEE650078A673 /* Debug */,
				FA49425F218EEE650078A673 /* Release */,
			);
			defaultConfigurationIsVisible = 0;
			defaultConfigurationName = Release;
		};
/* End XCConfigurationList section */
	};
	rootObject = FA494243218EEE640078A673 /* Project object */;
}
