// !$*UTF8*$!
{
	archiveVersion = 1;
	classes = {
	};
	objectVersion = 50;
	objects = {

/* Begin PBXBuildFile section */
		FA494224218ED2870078A673 /* AppDelegate.swift in Sources */ = {isa = PBXBuildFile; fileRef = FA494223218ED2870078A673 /* AppDelegate.swift */; };
		FA494229218ED2870078A673 /* Main.storyboard in Resources */ = {isa = PBXBuildFile; fileRef = FA494227218ED2870078A673 /* Main.storyboard */; };
		FA49422B218ED2880078A673 /* Assets.xcassets in Resources */ = {isa = PBXBuildFile; fileRef = FA49422A218ED2880078A673 /* Assets.xcassets */; };
		FA49422E218ED2880078A673 /* LaunchScreen.storyboard in Resources */ = {isa = PBXBuildFile; fileRef = FA49422C218ED2880078A673 /* LaunchScreen.storyboard */; };
		FA494236218ED5920078A673 /* bar.png in Resources */ = {isa = PBXBuildFile; fileRef = FA494235218ED5920078A673 /* bar.png */; };
		FA494238218ED5A60078A673 /* tail.png in Resources */ = {isa = PBXBuildFile; fileRef = FA494237218ED5A60078A673 /* tail.png */; };
		FA494240218EED970078A673 /* LaunchScreen.storyboard in Resources */ = {isa = PBXBuildFile; fileRef = FA49423C218EED970078A673 /* LaunchScreen.storyboard */; };
		FA494241218EED970078A673 /* Main.storyboard in Resources */ = {isa = PBXBuildFile; fileRef = FA49423E218EED970078A673 /* Main.storyboard */; };
/* End PBXBuildFile section */

/* Begin PBXFileReference section */
		FA494220218ED2870078A673 /* Barabaragame.app */ = {isa = PBXFileReference; explicitFileType = wrapper.application; includeInIndex = 0; path = Barabaragame.app; sourceTree = BUILT_PRODUCTS_DIR; };
		FA494223218ED2870078A673 /* AppDelegate.swift */ = {isa = PBXFileReference; lastKnownFileType = sourcecode.swift; path = AppDelegate.swift; sourceTree = "<group>"; };
		FA494228218ED2870078A673 /* Base */ = {isa = PBXFileReference; lastKnownFileType = file.storyboard; name = Base; path = Base.lproj/Main.storyboard; sourceTree = "<group>"; };
		FA49422A218ED2880078A673 /* Assets.xcassets */ = {isa = PBXFileReference; lastKnownFileType = folder.assetcatalog; path = Assets.xcassets; sourceTree = "<group>"; };
		FA49422D218ED2880078A673 /* Base */ = {isa = PBXFileReference; lastKnownFileType = file.storyboard; name = Base; path = Base.lproj/LaunchScreen.storyboard; sourceTree = "<group>"; };
		FA49422F218ED2880078A673 /* Info.plist */ = {isa = PBXFileReference; lastKnownFileType = text.plist.xml; path = Info.plist; sourceTree = "<group>"; };
		FA494235218ED5920078A673 /* bar.png */ = {isa = PBXFileReference; lastKnownFileType = image.png; path = bar.png; sourceTree = "<group>"; };
		FA494237218ED5A60078A673 /* tail.png */ = {isa = PBXFileReference; lastKnownFileType = image.png; path = tail.png; sourceTree = "<group>"; };
		FA49423D218EED970078A673 /* Base */ = {isa = PBXFileReference; lastKnownFileType = file.storyboard; name = Base; path = LaunchScreen.storyboard; sourceTree = "<group>"; };
		FA49423F218EED970078A673 /* Base */ = {isa = PBXFileReference; lastKnownFileType = file.storyboard; name = Base; path = Main.storyboard; sourceTree = "<group>"; };
/* End PBXFileReference section */

/* Begin PBXFrameworksBuildPhase section */
		FA49421D218ED2870078A673 /* Frameworks */ = {
			isa = PBXFrameworksBuildPhase;
			buildActionMask = 2147483647;
			files = (
			);
			runOnlyForDeploymentPostprocessing = 0;
		};
/* End PBXFrameworksBuildPhase section */

/* Begin PBXGroup section */
		FA494217218ED2870078A673 = {
			isa = PBXGroup;
			children = (
				FA494237218ED5A60078A673 /* tail.png */,
				FA494235218ED5920078A673 /* bar.png */,
				FA494222218ED2870078A673 /* Barabaragame */,
				FA494221218ED2870078A673 /* Products */,
			);
			sourceTree = "<group>";
		};
		FA494221218ED2870078A673 /* Products */ = {
			isa = PBXGroup;
			children = (
				FA494220218ED2870078A673 /* Barabaragame.app */,
			);
			name = Products;
			sourceTree = "<group>";
		};
		FA494222218ED2870078A673 /* Barabaragame */ = {
			isa = PBXGroup;
			children = (
				FA49423B218EED970078A673 /* Base.lproj */,
				FA494223218ED2870078A673 /* AppDelegate.swift */,
				FA494227218ED2870078A673 /* Main.storyboard */,
				FA49422A218ED2880078A673 /* Assets.xcassets */,
				FA49422C218ED2880078A673 /* LaunchScreen.storyboard */,
				FA49422F218ED2880078A673 /* Info.plist */,
			);
			path = Barabaragame;
			sourceTree = "<group>";
		};
		FA49423B218EED970078A673 /* Base.lproj */ = {
			isa = PBXGroup;
			children = (
				FA49423C218EED970078A673 /* LaunchScreen.storyboard */,
				FA49423E218EED970078A673 /* Main.storyboard */,
			);
			path = Base.lproj;
			sourceTree = "<group>";
		};
/* End PBXGroup section */

/* Begin PBXNativeTarget section */
		FA49421F218ED2870078A673 /* Barabaragame */ = {
			isa = PBXNativeTarget;
			buildConfigurationList = FA494232218ED2880078A673 /* Build configuration list for PBXNativeTarget "Barabaragame" */;
			buildPhases = (
				FA49421C218ED2870078A673 /* Sources */,
				FA49421D218ED2870078A673 /* Frameworks */,
				FA49421E218ED2870078A673 /* Resources */,
			);
			buildRules = (
			);
			dependencies = (
			);
			name = Barabaragame;
			productName = Barabaragame;
			productReference = FA494220218ED2870078A673 /* Barabaragame.app */;
			productType = "com.apple.product-type.application";
		};
/* End PBXNativeTarget section */

/* Begin PBXProject section */
		FA494218218ED2870078A673 /* Project object */ = {
			isa = PBXProject;
			attributes = {
				LastSwiftUpdateCheck = 0940;
				LastUpgradeCheck = 0940;
				ORGANIZATIONNAME = "柳川万結";
				TargetAttributes = {
					FA49421F218ED2870078A673 = {
						CreatedOnToolsVersion = 9.4.1;
					};
				};
			};
			buildConfigurationList = FA49421B218ED2870078A673 /* Build configuration list for PBXProject "Barabaragame" */;
			compatibilityVersion = "Xcode 9.3";
			developmentRegion = en;
			hasScannedForEncodings = 0;
			knownRegions = (
				en,
				Base,
			);
			mainGroup = FA494217218ED2870078A673;
			productRefGroup = FA494221218ED2870078A673 /* Products */;
			projectDirPath = "";
			projectRoot = "";
			targets = (
				FA49421F218ED2870078A673 /* Barabaragame */,
			);
		};
/* End PBXProject section */

/* Begin PBXResourcesBuildPhase section */
		FA49421E218ED2870078A673 /* Resources */ = {
			isa = PBXResourcesBuildPhase;
			buildActionMask = 2147483647;
			files = (
				FA494241218EED970078A673 /* Main.storyboard in Resources */,
				FA49422E218ED2880078A673 /* LaunchScreen.storyboard in Resources */,
				FA494238218ED5A60078A673 /* tail.png in Resources */,
				FA49422B218ED2880078A673 /* Assets.xcassets in Resources */,
				FA494240218EED970078A673 /* LaunchScreen.storyboard in Resources */,
				FA494229218ED2870078A673 /* Main.storyboard in Resources */,
				FA494236218ED5920078A673 /* bar.png in Resources */,
			);
			runOnlyForDeploymentPostprocessing = 0;
		};
/* End PBXResourcesBuildPhase section */

/* Begin PBXSourcesBuildPhase section */
		FA49421C218ED2870078A673 /* Sources */ = {
			isa = PBXSourcesBuildPhase;
			buildActionMask = 2147483647;
			files = (
				FA494224218ED2870078A673 /* AppDelegate.swift in Sources */,
			);
			runOnlyForDeploymentPostprocessing = 0;
		};
/* End PBXSourcesBuildPhase section */

/* Begin PBXVariantGroup section */
		FA494227218ED2870078A673 /* Main.storyboard */ = {
			isa = PBXVariantGroup;
			children = (
				FA494228218ED2870078A673 /* Base */,
			);
			name = Main.storyboard;
			sourceTree = "<group>";
		};
		FA49422C218ED2880078A673 /* LaunchScreen.storyboard */ = {
			isa = PBXVariantGroup;
			children = (
				FA49422D218ED2880078A673 /* Base */,
			);
			name = LaunchScreen.storyboard;
			sourceTree = "<group>";
		};
		FA49423C218EED970078A673 /* LaunchScreen.storyboard */ = {
			isa = PBXVariantGroup;
			children = (
				FA49423D218EED970078A673 /* Base */,
			);
			name = LaunchScreen.storyboard;
			sourceTree = "<group>";
		};
		FA49423E218EED970078A673 /* Main.storyboard */ = {
			isa = PBXVariantGroup;
			children = (
				FA49423F218EED970078A673 /* Base */,
			);
			name = Main.storyboard;
			sourceTree = "<group>";
		};
/* End PBXVariantGroup section */

/* Begin XCBuildConfiguration section */
		FA494230218ED2880078A673 /* Debug */ = {
			isa = XCBuildConfiguration;
			buildSettings = {
				ALWAYS_SEARCH_USER_PATHS = NO;
				CLANG_ANALYZER_NONNULL = YES;
				CLANG_ANALYZER_NUMBER_OBJECT_CONVERSION = YES_AGGRESSIVE;
				CLANG_CXX_LANGUAGE_STANDARD = "gnu++14";
				CLANG_CXX_LIBRARY = "libc++";
				CLANG_ENABLE_MODULES = YES;
				CLANG_ENABLE_OBJC_ARC = YES;
				CLANG_ENABLE_OBJC_WEAK = YES;
				CLANG_WARN_BLOCK_CAPTURE_AUTORELEASING = YES;
				CLANG_WARN_BOOL_CONVERSION = YES;
				CLANG_WARN_COMMA = YES;
				CLANG_WARN_CONSTANT_CONVERSION = YES;
				CLANG_WARN_DEPRECATED_OBJC_IMPLEMENTATIONS = YES;
				CLANG_WARN_DIRECT_OBJC_ISA_USAGE = YES_ERROR;
				CLANG_WARN_DOCUMENTATION_COMMENTS = YES;
				CLANG_WARN_EMPTY_BODY = YES;
				CLANG_WARN_ENUM_CONVERSION = YES;
				CLANG_WARN_INFINITE_RECURSION = YES;
				CLANG_WARN_INT_CONVERSION = YES;
				CLANG_WARN_NON_LITERAL_NULL_CONVERSION = YES;
				CLANG_WARN_OBJC_IMPLICIT_RETAIN_SELF = YES;
				CLANG_WARN_OBJC_LITERAL_CONVERSION = YES;
				CLANG_WARN_OBJC_ROOT_CLASS = YES_ERROR;
				CLANG_WARN_RANGE_LOOP_ANALYSIS = YES;
				CLANG_WARN_STRICT_PROTOTYPES = YES;
				CLANG_WARN_SUSPICIOUS_MOVE = YES;
				CLANG_WARN_UNGUARDED_AVAILABILITY = YES_AGGRESSIVE;
				CLANG_WARN_UNREACHABLE_CODE = YES;
				CLANG_WARN__DUPLICATE_METHOD_MATCH = YES;
				CODE_SIGN_IDENTITY = "iPhone Developer";
				COPY_PHASE_STRIP = NO;
				DEBUG_INFORMATION_FORMAT = dwarf;
				ENABLE_STRICT_OBJC_MSGSEND = YES;
				ENABLE_TESTABILITY = YES;
				GCC_C_LANGUAGE_STANDARD = gnu11;
				GCC_DYNAMIC_NO_PIC = NO;
				GCC_NO_COMMON_BLOCKS = YES;
				GCC_OPTIMIZATION_LEVEL = 0;
				GCC_PREPROCESSOR_DEFINITIONS = (
					"DEBUG=1",
					"$(inherited)",
				);
				GCC_WARN_64_TO_32_BIT_CONVERSION = YES;
				GCC_WARN_ABOUT_RETURN_TYPE = YES_ERROR;
				GCC_WARN_UNDECLARED_SELECTOR = YES;
				GCC_WARN_UNINITIALIZED_AUTOS = YES_AGGRESSIVE;
				GCC_WARN_UNUSED_FUNCTION = YES;
				GCC_WARN_UNUSED_VARIABLE = YES;
				IPHONEOS_DEPLOYMENT_TARGET = 11.4;
				MTL_ENABLE_DEBUG_INFO = YES;
				ONLY_ACTIVE_ARCH = YES;
				SDKROOT = iphoneos;
				SWIFT_ACTIVE_COMPILATION_CONDITIONS = DEBUG;
				SWIFT_OPTIMIZATION_LEVEL = "-Onone";
			};
			name = Debug;
		};
		FA494231218ED2880078A673 /* Release */ = {
			isa = XCBuildConfiguration;
			buildSettings = {
				ALWAYS_SEARCH_USER_PATHS = NO;
				CLANG_ANALYZER_NONNULL = YES;
				CLANG_ANALYZER_NUMBER_OBJECT_CONVERSION = YES_AGGRESSIVE;
				CLANG_CXX_LANGUAGE_STANDARD = "gnu++14";
				CLANG_CXX_LIBRARY = "libc++";
				CLANG_ENABLE_MODULES = YES;
				CLANG_ENABLE_OBJC_ARC = YES;
				CLANG_ENABLE_OBJC_WEAK = YES;
				CLANG_WARN_BLOCK_CAPTURE_AUTORELEASING = YES;
				CLANG_WARN_BOOL_CONVERSION = YES;
				CLANG_WARN_COMMA = YES;
				CLANG_WARN_CONSTANT_CONVERSION = YES;
				CLANG_WARN_DEPRECATED_OBJC_IMPLEMENTATIONS = YES;
				CLANG_WARN_DIRECT_OBJC_ISA_USAGE = YES_ERROR;
				CLANG_WARN_DOCUMENTATION_COMMENTS = YES;
				CLANG_WARN_EMPTY_BODY = YES;
				CLANG_WARN_ENUM_CONVERSION = YES;
				CLANG_WARN_INFINITE_RECURSION = YES;
				CLANG_WARN_INT_CONVERSION = YES;
				CLANG_WARN_NON_LITERAL_NULL_CONVERSION = YES;
				CLANG_WARN_OBJC_IMPLICIT_RETAIN_SELF = YES;
				CLANG_WARN_OBJC_LITERAL_CONVERSION = YES;
				CLANG_WARN_OBJC_ROOT_CLASS = YES_ERROR;
				CLANG_WARN_RANGE_LOOP_ANALYSIS = YES;
				CLANG_WARN_STRICT_PROTOTYPES = YES;
				CLANG_WARN_SUSPICIOUS_MOVE = YES;
				CLANG_WARN_UNGUARDED_AVAILABILITY = YES_AGGRESSIVE;
				CLANG_WARN_UNREACHABLE_CODE = YES;
				CLANG_WARN__DUPLICATE_METHOD_MATCH = YES;
				CODE_SIGN_IDENTITY = "iPhone Developer";
				COPY_PHASE_STRIP = NO;
				DEBUG_INFORMATION_FORMAT = "dwarf-with-dsym";
				ENABLE_NS_ASSERTIONS = NO;
				ENABLE_STRICT_OBJC_MSGSEND = YES;
				GCC_C_LANGUAGE_STANDARD = gnu11;
				GCC_NO_COMMON_BLOCKS = YES;
				GCC_WARN_64_TO_32_BIT_CONVERSION = YES;
				GCC_WARN_ABOUT_RETURN_TYPE = YES_ERROR;
				GCC_WARN_UNDECLARED_SELECTOR = YES;
				GCC_WARN_UNINITIALIZED_AUTOS = YES_AGGRESSIVE;
				GCC_WARN_UNUSED_FUNCTION = YES;
				GCC_WARN_UNUSED_VARIABLE = YES;
				IPHONEOS_DEPLOYMENT_TARGET = 11.4;
				MTL_ENABLE_DEBUG_INFO = NO;
				SDKROOT = iphoneos;
				SWIFT_COMPILATION_MODE = wholemodule;
				SWIFT_OPTIMIZATION_LEVEL = "-O";
				VALIDATE_PRODUCT = YES;
			};
			name = Release;
		};
		FA494233218ED2880078A673 /* Debug */ = {
			isa = XCBuildConfiguration;
			buildSettings = {
				ASSETCATALOG_COMPILER_APPICON_NAME = AppIcon;
				CODE_SIGN_STYLE = Automatic;
				INFOPLIST_FILE = Barabaragame/Info.plist;
				LD_RUNPATH_SEARCH_PATHS = (
					"$(inherited)",
					"@executable_path/Frameworks",
				);
				PRODUCT_BUNDLE_IDENTIFIER = com.litech.Barabaragame;
				PRODUCT_NAME = "$(TARGET_NAME)";
				SWIFT_VERSION = 4.0;
				TARGETED_DEVICE_FAMILY = "1,2";
			};
			name = Debug;
		};
		FA494234218ED2880078A673 /* Release */ = {
			isa = XCBuildConfiguration;
			buildSettings = {
				ASSETCATALOG_COMPILER_APPICON_NAME = AppIcon;
				CODE_SIGN_STYLE = Automatic;
				INFOPLIST_FILE = Barabaragame/Info.plist;
				LD_RUNPATH_SEARCH_PATHS = (
					"$(inherited)",
					"@executable_path/Frameworks",
				);
				PRODUCT_BUNDLE_IDENTIFIER = com.litech.Barabaragame;
				PRODUCT_NAME = "$(TARGET_NAME)";
				SWIFT_VERSION = 4.0;
				TARGETED_DEVICE_FAMILY = "1,2";
			};
			name = Release;
		};
/* End XCBuildConfiguration section */

/* Begin XCConfigurationList section */
		FA49421B218ED2870078A673 /* Build configuration list for PBXProject "Barabaragame" */ = {
			isa = XCConfigurationList;
			buildConfigurations = (
				FA494230218ED2880078A673 /* Debug */,
				FA494231218ED2880078A673 /* Release */,
			);
			defaultConfigurationIsVisible = 0;
			defaultConfigurationName = Release;
		};
		FA494232218ED2880078A673 /* Build configuration list for PBXNativeTarget "Barabaragame" */ = {
			isa = XCConfigurationList;
			buildConfigurations = (
				FA494233218ED2880078A673 /* Debug */,
				FA494234218ED2880078A673 /* Release */,
			);
			defaultConfigurationIsVisible = 0;
			defaultConfigurationName = Release;
		};
/* End XCConfigurationList section */
	};
	rootObject = FA494218218ED2870078A673 /* Project object */;
}
